// !$*UTF8*$!
{
	archiveVersion = 1;
	classes = {
	};
	objectVersion = 51;
	objects = {

/* Begin PBXBuildFile section */
		6E069767234C26DF0022C091 /* InMemoryPostRepositoryTest.swift in Sources */ = {isa = PBXBuildFile; fileRef = 6E069766234C26DF0022C091 /* InMemoryPostRepositoryTest.swift */; };
		6E0C143923330162000D1524 /* UIView+Animation.swift in Sources */ = {isa = PBXBuildFile; fileRef = 6E0C143823330162000D1524 /* UIView+Animation.swift */; };
		6E0C143E23332688000D1524 /* RegisterUserViewModelTests.swift in Sources */ = {isa = PBXBuildFile; fileRef = 6E0C143D23332688000D1524 /* RegisterUserViewModelTests.swift */; };
		6E1CA935233801E70045E066 /* InMemoryUserRepository.swift in Sources */ = {isa = PBXBuildFile; fileRef = 6E1CA934233801E70045E066 /* InMemoryUserRepository.swift */; };
		6E1CA9392338028D0045E066 /* InMemoryUserRepositoryTests.swift in Sources */ = {isa = PBXBuildFile; fileRef = 6E1CA9382338028D0045E066 /* InMemoryUserRepositoryTests.swift */; };
		6E1CA942233810210045E066 /* LoginUserCoordinator.swift in Sources */ = {isa = PBXBuildFile; fileRef = 6E1CA93D233810210045E066 /* LoginUserCoordinator.swift */; };
		6E1CA943233810210045E066 /* LoginUserViewController.swift in Sources */ = {isa = PBXBuildFile; fileRef = 6E1CA93E233810210045E066 /* LoginUserViewController.swift */; };
		6E1CA944233810210045E066 /* LoginUserView.swift in Sources */ = {isa = PBXBuildFile; fileRef = 6E1CA93F233810210045E066 /* LoginUserView.swift */; };
		6E1CA945233810210045E066 /* LoginUserViewModel.swift in Sources */ = {isa = PBXBuildFile; fileRef = 6E1CA940233810210045E066 /* LoginUserViewModel.swift */; };
		6E1CA946233810210045E066 /* LoginUserView.xib in Resources */ = {isa = PBXBuildFile; fileRef = 6E1CA941233810210045E066 /* LoginUserView.xib */; };
		6E1E023523400C9D00306025 /* PostServiceDefaultTests.swift in Sources */ = {isa = PBXBuildFile; fileRef = 6E1E023423400C9D00306025 /* PostServiceDefaultTests.swift */; };
		6E1E023723400D5200306025 /* PostRepository.swift in Sources */ = {isa = PBXBuildFile; fileRef = 6E1E023623400D5200306025 /* PostRepository.swift */; };
		6E1E0239234013FB00306025 /* Clock.swift in Sources */ = {isa = PBXBuildFile; fileRef = 6E1E0238234013FB00306025 /* Clock.swift */; };
		6E1E023B234018DB00306025 /* LanguageService.swift in Sources */ = {isa = PBXBuildFile; fileRef = 6E1E023A234018DB00306025 /* LanguageService.swift */; };
		6E1E02442340493200306025 /* UserTimelineCoordinator.swift in Sources */ = {isa = PBXBuildFile; fileRef = 6E1E023F2340493200306025 /* UserTimelineCoordinator.swift */; };
		6E1E02452340493200306025 /* CreatePostViewController.swift in Sources */ = {isa = PBXBuildFile; fileRef = 6E1E02402340493200306025 /* CreatePostViewController.swift */; };
		6E1E02462340493200306025 /* CreatePostView.swift in Sources */ = {isa = PBXBuildFile; fileRef = 6E1E02412340493200306025 /* CreatePostView.swift */; };
		6E1E02472340493200306025 /* CreatePostViewModel.swift in Sources */ = {isa = PBXBuildFile; fileRef = 6E1E02422340493200306025 /* CreatePostViewModel.swift */; };
		6E1E02482340493200306025 /* CreatePostView.xib in Resources */ = {isa = PBXBuildFile; fileRef = 6E1E02432340493200306025 /* CreatePostView.xib */; };
		6E3D4D6023569FC50037CA9F /* UserTimelineTopBarViewModel.swift in Sources */ = {isa = PBXBuildFile; fileRef = 6E3D4D5F23569FC50037CA9F /* UserTimelineTopBarViewModel.swift */; };
		6E3D4D622356A22D0037CA9F /* UserTimelineTopBarView.swift in Sources */ = {isa = PBXBuildFile; fileRef = 6E3D4D612356A22D0037CA9F /* UserTimelineTopBarView.swift */; };
		6E3D4D652356A2470037CA9F /* UserTimelineTopBarViewContent.xib in Resources */ = {isa = PBXBuildFile; fileRef = 6E3D4D642356A2470037CA9F /* UserTimelineTopBarViewContent.xib */; };
		6E4A9D41235BB9AE00DBF02C /* PostTimeDescription.swift in Sources */ = {isa = PBXBuildFile; fileRef = 6E4A9D40235BB9AE00DBF02C /* PostTimeDescription.swift */; };
		6E4A9D43235BB9E800DBF02C /* PostTimeDescriptionTest.swift in Sources */ = {isa = PBXBuildFile; fileRef = 6E4A9D42235BB9E800DBF02C /* PostTimeDescriptionTest.swift */; };
		6E534DC823414824008A5BD7 /* UIButton+TouchUpInsideAnimation.swift in Sources */ = {isa = PBXBuildFile; fileRef = 6E534DC723414824008A5BD7 /* UIButton+TouchUpInsideAnimation.swift */; };
		6E534DCC23415704008A5BD7 /* LanguageServiceDefaultTests.swift in Sources */ = {isa = PBXBuildFile; fileRef = 6E534DCB23415704008A5BD7 /* LanguageServiceDefaultTests.swift */; };
		6E534DD023415F03008A5BD7 /* InMemoryPostRepository.swift in Sources */ = {isa = PBXBuildFile; fileRef = 6E534DCF23415F03008A5BD7 /* InMemoryPostRepository.swift */; };
		6E534DD32341831C008A5BD7 /* UserTimelineViewController.swift in Sources */ = {isa = PBXBuildFile; fileRef = 6E534DD22341831C008A5BD7 /* UserTimelineViewController.swift */; };
		6E534DD52341832C008A5BD7 /* UserTimelineView.xib in Resources */ = {isa = PBXBuildFile; fileRef = 6E534DD42341832C008A5BD7 /* UserTimelineView.xib */; };
		6E534DD72341833E008A5BD7 /* UserTimelineView.swift in Sources */ = {isa = PBXBuildFile; fileRef = 6E534DD62341833E008A5BD7 /* UserTimelineView.swift */; };
		6E534DD9234183CB008A5BD7 /* UserTimelineViewModel.swift in Sources */ = {isa = PBXBuildFile; fileRef = 6E534DD8234183CB008A5BD7 /* UserTimelineViewModel.swift */; };
		6E72119D234969920014BE9C /* GetPosts.swift in Sources */ = {isa = PBXBuildFile; fileRef = 6E72119C234969920014BE9C /* GetPosts.swift */; };
		6E72119F23496A6A0014BE9C /* GetPostsDefaultTests.swift in Sources */ = {isa = PBXBuildFile; fileRef = 6E72119E23496A6A0014BE9C /* GetPostsDefaultTests.swift */; };
		6E7586642339AFE500976AE0 /* LoginUserDefaultTests.swift in Sources */ = {isa = PBXBuildFile; fileRef = 6E7586632339AFE500976AE0 /* LoginUserDefaultTests.swift */; };
		6E7586662339B6E900976AE0 /* InvalidLoginCredentialsError.swift in Sources */ = {isa = PBXBuildFile; fileRef = 6E7586652339B6E900976AE0 /* InvalidLoginCredentialsError.swift */; };
		6E7DF8D22336796400F829FA /* RegisterUser.swift in Sources */ = {isa = PBXBuildFile; fileRef = 6E7DF8D12336796400F829FA /* RegisterUser.swift */; };
		6E7DF8D6233679C300F829FA /* User.swift in Sources */ = {isa = PBXBuildFile; fileRef = 6E7DF8D5233679C300F829FA /* User.swift */; };
		6E7DF8D92336941500F829FA /* mocky.yml in Resources */ = {isa = PBXBuildFile; fileRef = 6E7DF8D82336941500F829FA /* mocky.yml */; };
		6E7DF8DB2336949A00F829FA /* Mock.generated.swift in Sources */ = {isa = PBXBuildFile; fileRef = 6E7DF8DA2336949A00F829FA /* Mock.generated.swift */; };
		6E8213C823383247005EC9DC /* LoginUser.swift in Sources */ = {isa = PBXBuildFile; fileRef = 6E8213C723383247005EC9DC /* LoginUser.swift */; };
		6E8213CB233864A6005EC9DC /* UserCredentials.swift in Sources */ = {isa = PBXBuildFile; fileRef = 6E8213CA233864A6005EC9DC /* UserCredentials.swift */; };
		6E8213CF23386563005EC9DC /* UserCredentialsBuilder.swift in Sources */ = {isa = PBXBuildFile; fileRef = 6E8213CE23386563005EC9DC /* UserCredentialsBuilder.swift */; };
		6E88F405233EE02400866CCA /* CreatePost.swift in Sources */ = {isa = PBXBuildFile; fileRef = 6E88F404233EE02400866CCA /* CreatePost.swift */; };
		6E88F408233EE06900866CCA /* Post.swift in Sources */ = {isa = PBXBuildFile; fileRef = 6E88F407233EE06900866CCA /* Post.swift */; };
		6E88F40A233EE13600866CCA /* PostService.swift in Sources */ = {isa = PBXBuildFile; fileRef = 6E88F409233EE13600866CCA /* PostService.swift */; };
		6E88F40F233EE1FF00866CCA /* CreatePostDefaultTests.swift in Sources */ = {isa = PBXBuildFile; fileRef = 6E88F40E233EE1FF00866CCA /* CreatePostDefaultTests.swift */; };
		6E88F413233EE6E100866CCA /* PostBuilder.swift in Sources */ = {isa = PBXBuildFile; fileRef = 6E88F412233EE6E100866CCA /* PostBuilder.swift */; };
		6E88F41A233EEA5000866CCA /* InappropriateLanguageError.swift in Sources */ = {isa = PBXBuildFile; fileRef = 6E88F419233EEA5000866CCA /* InappropriateLanguageError.swift */; };
		6E9276C2233669A900069595 /* PrimaryButton+Animation.swift in Sources */ = {isa = PBXBuildFile; fileRef = 6E9276C1233669A900069595 /* PrimaryButton+Animation.swift */; };
		6E9FE292233823EA008111C8 /* LoginUserViewModelTests.swift in Sources */ = {isa = PBXBuildFile; fileRef = 6E9FE291233823EA008111C8 /* LoginUserViewModelTests.swift */; };
		6EA4E59F236F5424004600B5 /* FlipTransitioningDelegate.swift in Sources */ = {isa = PBXBuildFile; fileRef = 6EA4E59E236F5424004600B5 /* FlipTransitioningDelegate.swift */; };
		6EA4E5A1236F75A9004600B5 /* GetAllUsers.swift in Sources */ = {isa = PBXBuildFile; fileRef = 6EA4E5A0236F75A9004600B5 /* GetAllUsers.swift */; };
		6EA4E5A3236F77BF004600B5 /* GetAllUsersDefaultTests.swift in Sources */ = {isa = PBXBuildFile; fileRef = 6EA4E5A2236F77BF004600B5 /* GetAllUsersDefaultTests.swift */; };
		6EAEDBDA235386B200384007 /* Infrastructure.swift in Sources */ = {isa = PBXBuildFile; fileRef = 6EAEDBD9235386B200384007 /* Infrastructure.swift */; };
		6EAEDBDC235418CB00384007 /* CreatePostCoordinator.swift in Sources */ = {isa = PBXBuildFile; fileRef = 6EAEDBDB235418CB00384007 /* CreatePostCoordinator.swift */; };
		6EB82DCF23372DF50072947E /* UsernameAlreadyInUseError.swift in Sources */ = {isa = PBXBuildFile; fileRef = 6EB82DCE23372DF50072947E /* UsernameAlreadyInUseError.swift */; };
		6EC4722623442E1500D6AFBC /* PublishSubject+Extension.swift in Sources */ = {isa = PBXBuildFile; fileRef = 6EC4722523442E1500D6AFBC /* PublishSubject+Extension.swift */; };
		6ED0445723365DF600548E8F /* PrimaryButton.swift in Sources */ = {isa = PBXBuildFile; fileRef = 6ED0445623365DF600548E8F /* PrimaryButton.swift */; };
		6ED72A852331C4FA00DE36F3 /* Colors.xcassets in Resources */ = {isa = PBXBuildFile; fileRef = 6ED72A842331C4FA00DE36F3 /* Colors.xcassets */; };
		6ED72A872331E52400DE36F3 /* ColorsCatalog.swift in Sources */ = {isa = PBXBuildFile; fileRef = 6ED72A862331E52400DE36F3 /* ColorsCatalog.swift */; };
		6EE15C3D2336CA5D004AA235 /* UserBuilder.swift in Sources */ = {isa = PBXBuildFile; fileRef = 6EE15C3C2336CA5D004AA235 /* UserBuilder.swift */; };
		6EE15C412336DA7D004AA235 /* NSError+Extension.swift in Sources */ = {isa = PBXBuildFile; fileRef = 6EE15C402336DA7D004AA235 /* NSError+Extension.swift */; };
		6EF9D6A42336EBE20041803D /* UserService.swift in Sources */ = {isa = PBXBuildFile; fileRef = 6EF9D6A32336EBE20041803D /* UserService.swift */; };
		6EF9D6A62336EC710041803D /* RegistrationData.swift in Sources */ = {isa = PBXBuildFile; fileRef = 6EF9D6A52336EC710041803D /* RegistrationData.swift */; };
		6EF9D6A92336F0820041803D /* RegisterUserDefaultTests.swift in Sources */ = {isa = PBXBuildFile; fileRef = 6EF9D6A82336F0820041803D /* RegisterUserDefaultTests.swift */; };
		6EF9D6AE2336F1450041803D /* RegistrationDataBuilder.swift in Sources */ = {isa = PBXBuildFile; fileRef = 6EF9D6AD2336F1450041803D /* RegistrationDataBuilder.swift */; };
		6EF9D6B02336F4510041803D /* UserServiceDefaultTests.swift in Sources */ = {isa = PBXBuildFile; fileRef = 6EF9D6AF2336F4510041803D /* UserServiceDefaultTests.swift */; };
		6EF9D6B22336F49A0041803D /* UserRepository.swift in Sources */ = {isa = PBXBuildFile; fileRef = 6EF9D6B12336F49A0041803D /* UserRepository.swift */; };
		6EF9D6B42336F9310041803D /* PostIdGenerator.swift in Sources */ = {isa = PBXBuildFile; fileRef = 6EF9D6B32336F9310041803D /* PostIdGenerator.swift */; };
		6EFAD4AD235288870012E4DB /* PostTableViewCell.swift in Sources */ = {isa = PBXBuildFile; fileRef = 6EFAD4AB235288870012E4DB /* PostTableViewCell.swift */; };
		6EFAD4AE235288870012E4DB /* PostTableViewCell.xib in Resources */ = {isa = PBXBuildFile; fileRef = 6EFAD4AC235288870012E4DB /* PostTableViewCell.xib */; };
		6EFAD4B023528AD20012E4DB /* PostCellViewModel.swift in Sources */ = {isa = PBXBuildFile; fileRef = 6EFAD4AF23528AD20012E4DB /* PostCellViewModel.swift */; };
		84306CEEA0D79A51E3C4AD6C /* Pods_SocialNetworking.framework in Frameworks */ = {isa = PBXBuildFile; fileRef = 140625F3EA405F4A3EC244CB /* Pods_SocialNetworking.framework */; };
		A142D0E05FB7B9B9BF719631 /* Pods_SocialNetworkingTests.framework in Frameworks */ = {isa = PBXBuildFile; fileRef = 9FD93863C26ABF88FC2B4823 /* Pods_SocialNetworkingTests.framework */; };
		E913656823307CF10015CF99 /* RegisterUserViewController.swift in Sources */ = {isa = PBXBuildFile; fileRef = E913656423307CF10015CF99 /* RegisterUserViewController.swift */; };
		E913656923307CF10015CF99 /* RegisterUserView.swift in Sources */ = {isa = PBXBuildFile; fileRef = E913656523307CF10015CF99 /* RegisterUserView.swift */; };
		E913656A23307CF10015CF99 /* RegisterUserViewModel.swift in Sources */ = {isa = PBXBuildFile; fileRef = E913656623307CF10015CF99 /* RegisterUserViewModel.swift */; };
		E913656B23307CF10015CF99 /* RegisterUserView.xib in Resources */ = {isa = PBXBuildFile; fileRef = E913656723307CF10015CF99 /* RegisterUserView.xib */; };
		E94091A423B83CEF002FD0B3 /* UserId.swift in Sources */ = {isa = PBXBuildFile; fileRef = E94091A323B83CEF002FD0B3 /* UserId.swift */; };
		E94091A623B83E65002FD0B3 /* UserIdGenerator.swift in Sources */ = {isa = PBXBuildFile; fileRef = E94091A523B83E65002FD0B3 /* UserIdGenerator.swift */; };
		E94091A823B845D5002FD0B3 /* PostId.swift in Sources */ = {isa = PBXBuildFile; fileRef = E94091A723B845D5002FD0B3 /* PostId.swift */; };
		E985DDA6232DE7DF009C2C32 /* AppDelegate.swift in Sources */ = {isa = PBXBuildFile; fileRef = E985DDA5232DE7DF009C2C32 /* AppDelegate.swift */; };
		E985DDAF232DE7E0009C2C32 /* Assets.xcassets in Resources */ = {isa = PBXBuildFile; fileRef = E985DDAE232DE7E0009C2C32 /* Assets.xcassets */; };
		E985DDB2232DE7E0009C2C32 /* LaunchScreen.storyboard in Resources */ = {isa = PBXBuildFile; fileRef = E985DDB0232DE7E0009C2C32 /* LaunchScreen.storyboard */; };
		E9F5A7FD232E823200CE8BEF /* ApplicationCoordinator.swift in Sources */ = {isa = PBXBuildFile; fileRef = E9F5A7FC232E823200CE8BEF /* ApplicationCoordinator.swift */; };
/* End PBXBuildFile section */

/* Begin PBXContainerItemProxy section */
		E985DDB9232DE7E0009C2C32 /* PBXContainerItemProxy */ = {
			isa = PBXContainerItemProxy;
			containerPortal = E985DD9A232DE7DF009C2C32 /* Project object */;
			proxyType = 1;
			remoteGlobalIDString = E985DDA1232DE7DF009C2C32;
			remoteInfo = SocialNetworking;
		};
/* End PBXContainerItemProxy section */

/* Begin PBXFileReference section */
		140625F3EA405F4A3EC244CB /* Pods_SocialNetworking.framework */ = {isa = PBXFileReference; explicitFileType = wrapper.framework; includeInIndex = 0; path = Pods_SocialNetworking.framework; sourceTree = BUILT_PRODUCTS_DIR; };
		20DA13A29609A51F33BDDAC9 /* Pods-SocialNetworking.release.xcconfig */ = {isa = PBXFileReference; includeInIndex = 1; lastKnownFileType = text.xcconfig; name = "Pods-SocialNetworking.release.xcconfig"; path = "Target Support Files/Pods-SocialNetworking/Pods-SocialNetworking.release.xcconfig"; sourceTree = "<group>"; };
		555ADF3D131C74BE6441D6A1 /* Pods-SocialNetworkingTests.debug.xcconfig */ = {isa = PBXFileReference; includeInIndex = 1; lastKnownFileType = text.xcconfig; name = "Pods-SocialNetworkingTests.debug.xcconfig"; path = "Target Support Files/Pods-SocialNetworkingTests/Pods-SocialNetworkingTests.debug.xcconfig"; sourceTree = "<group>"; };
		6E069766234C26DF0022C091 /* InMemoryPostRepositoryTest.swift */ = {isa = PBXFileReference; lastKnownFileType = sourcecode.swift; path = InMemoryPostRepositoryTest.swift; sourceTree = "<group>"; };
		6E0C143823330162000D1524 /* UIView+Animation.swift */ = {isa = PBXFileReference; lastKnownFileType = sourcecode.swift; path = "UIView+Animation.swift"; sourceTree = "<group>"; };
		6E0C143D23332688000D1524 /* RegisterUserViewModelTests.swift */ = {isa = PBXFileReference; lastKnownFileType = sourcecode.swift; path = RegisterUserViewModelTests.swift; sourceTree = "<group>"; };
		6E1CA934233801E70045E066 /* InMemoryUserRepository.swift */ = {isa = PBXFileReference; lastKnownFileType = sourcecode.swift; path = InMemoryUserRepository.swift; sourceTree = "<group>"; };
		6E1CA9382338028D0045E066 /* InMemoryUserRepositoryTests.swift */ = {isa = PBXFileReference; lastKnownFileType = sourcecode.swift; path = InMemoryUserRepositoryTests.swift; sourceTree = "<group>"; };
		6E1CA93D233810210045E066 /* LoginUserCoordinator.swift */ = {isa = PBXFileReference; lastKnownFileType = sourcecode.swift; path = LoginUserCoordinator.swift; sourceTree = "<group>"; };
		6E1CA93E233810210045E066 /* LoginUserViewController.swift */ = {isa = PBXFileReference; lastKnownFileType = sourcecode.swift; path = LoginUserViewController.swift; sourceTree = "<group>"; };
		6E1CA93F233810210045E066 /* LoginUserView.swift */ = {isa = PBXFileReference; lastKnownFileType = sourcecode.swift; path = LoginUserView.swift; sourceTree = "<group>"; };
		6E1CA940233810210045E066 /* LoginUserViewModel.swift */ = {isa = PBXFileReference; lastKnownFileType = sourcecode.swift; path = LoginUserViewModel.swift; sourceTree = "<group>"; };
		6E1CA941233810210045E066 /* LoginUserView.xib */ = {isa = PBXFileReference; lastKnownFileType = file.xib; path = LoginUserView.xib; sourceTree = "<group>"; };
		6E1E023423400C9D00306025 /* PostServiceDefaultTests.swift */ = {isa = PBXFileReference; lastKnownFileType = sourcecode.swift; path = PostServiceDefaultTests.swift; sourceTree = "<group>"; };
		6E1E023623400D5200306025 /* PostRepository.swift */ = {isa = PBXFileReference; lastKnownFileType = sourcecode.swift; path = PostRepository.swift; sourceTree = "<group>"; };
		6E1E0238234013FB00306025 /* Clock.swift */ = {isa = PBXFileReference; lastKnownFileType = sourcecode.swift; path = Clock.swift; sourceTree = "<group>"; };
		6E1E023A234018DB00306025 /* LanguageService.swift */ = {isa = PBXFileReference; lastKnownFileType = sourcecode.swift; path = LanguageService.swift; sourceTree = "<group>"; };
		6E1E023F2340493200306025 /* UserTimelineCoordinator.swift */ = {isa = PBXFileReference; lastKnownFileType = sourcecode.swift; path = UserTimelineCoordinator.swift; sourceTree = "<group>"; };
		6E1E02402340493200306025 /* CreatePostViewController.swift */ = {isa = PBXFileReference; lastKnownFileType = sourcecode.swift; path = CreatePostViewController.swift; sourceTree = "<group>"; };
		6E1E02412340493200306025 /* CreatePostView.swift */ = {isa = PBXFileReference; lastKnownFileType = sourcecode.swift; path = CreatePostView.swift; sourceTree = "<group>"; };
		6E1E02422340493200306025 /* CreatePostViewModel.swift */ = {isa = PBXFileReference; lastKnownFileType = sourcecode.swift; path = CreatePostViewModel.swift; sourceTree = "<group>"; };
		6E1E02432340493200306025 /* CreatePostView.xib */ = {isa = PBXFileReference; lastKnownFileType = file.xib; path = CreatePostView.xib; sourceTree = "<group>"; };
		6E3D4D5F23569FC50037CA9F /* UserTimelineTopBarViewModel.swift */ = {isa = PBXFileReference; lastKnownFileType = sourcecode.swift; path = UserTimelineTopBarViewModel.swift; sourceTree = "<group>"; };
		6E3D4D612356A22D0037CA9F /* UserTimelineTopBarView.swift */ = {isa = PBXFileReference; lastKnownFileType = sourcecode.swift; path = UserTimelineTopBarView.swift; sourceTree = "<group>"; };
		6E3D4D642356A2470037CA9F /* UserTimelineTopBarViewContent.xib */ = {isa = PBXFileReference; lastKnownFileType = file.xib; path = UserTimelineTopBarViewContent.xib; sourceTree = "<group>"; };
		6E4A9D40235BB9AE00DBF02C /* PostTimeDescription.swift */ = {isa = PBXFileReference; lastKnownFileType = sourcecode.swift; path = PostTimeDescription.swift; sourceTree = "<group>"; };
		6E4A9D42235BB9E800DBF02C /* PostTimeDescriptionTest.swift */ = {isa = PBXFileReference; lastKnownFileType = sourcecode.swift; path = PostTimeDescriptionTest.swift; sourceTree = "<group>"; };
		6E534DC723414824008A5BD7 /* UIButton+TouchUpInsideAnimation.swift */ = {isa = PBXFileReference; lastKnownFileType = sourcecode.swift; path = "UIButton+TouchUpInsideAnimation.swift"; sourceTree = "<group>"; };
		6E534DCB23415704008A5BD7 /* LanguageServiceDefaultTests.swift */ = {isa = PBXFileReference; lastKnownFileType = sourcecode.swift; path = LanguageServiceDefaultTests.swift; sourceTree = "<group>"; };
		6E534DCF23415F03008A5BD7 /* InMemoryPostRepository.swift */ = {isa = PBXFileReference; lastKnownFileType = sourcecode.swift; path = InMemoryPostRepository.swift; sourceTree = "<group>"; };
		6E534DD22341831C008A5BD7 /* UserTimelineViewController.swift */ = {isa = PBXFileReference; lastKnownFileType = sourcecode.swift; path = UserTimelineViewController.swift; sourceTree = "<group>"; };
		6E534DD42341832C008A5BD7 /* UserTimelineView.xib */ = {isa = PBXFileReference; lastKnownFileType = file.xib; path = UserTimelineView.xib; sourceTree = "<group>"; };
		6E534DD62341833E008A5BD7 /* UserTimelineView.swift */ = {isa = PBXFileReference; lastKnownFileType = sourcecode.swift; path = UserTimelineView.swift; sourceTree = "<group>"; };
		6E534DD8234183CB008A5BD7 /* UserTimelineViewModel.swift */ = {isa = PBXFileReference; lastKnownFileType = sourcecode.swift; path = UserTimelineViewModel.swift; sourceTree = "<group>"; };
		6E72119C234969920014BE9C /* GetPosts.swift */ = {isa = PBXFileReference; lastKnownFileType = sourcecode.swift; path = GetPosts.swift; sourceTree = "<group>"; };
		6E72119E23496A6A0014BE9C /* GetPostsDefaultTests.swift */ = {isa = PBXFileReference; lastKnownFileType = sourcecode.swift; path = GetPostsDefaultTests.swift; sourceTree = "<group>"; };
		6E7586632339AFE500976AE0 /* LoginUserDefaultTests.swift */ = {isa = PBXFileReference; lastKnownFileType = sourcecode.swift; path = LoginUserDefaultTests.swift; sourceTree = "<group>"; };
		6E7586652339B6E900976AE0 /* InvalidLoginCredentialsError.swift */ = {isa = PBXFileReference; lastKnownFileType = sourcecode.swift; path = InvalidLoginCredentialsError.swift; sourceTree = "<group>"; };
		6E7DF8D12336796400F829FA /* RegisterUser.swift */ = {isa = PBXFileReference; lastKnownFileType = sourcecode.swift; path = RegisterUser.swift; sourceTree = "<group>"; };
		6E7DF8D5233679C300F829FA /* User.swift */ = {isa = PBXFileReference; lastKnownFileType = sourcecode.swift; path = User.swift; sourceTree = "<group>"; };
		6E7DF8D82336941500F829FA /* mocky.yml */ = {isa = PBXFileReference; lastKnownFileType = text.yaml; path = mocky.yml; sourceTree = "<group>"; };
		6E7DF8DA2336949A00F829FA /* Mock.generated.swift */ = {isa = PBXFileReference; fileEncoding = 4; lastKnownFileType = sourcecode.swift; path = Mock.generated.swift; sourceTree = "<group>"; };
		6E8213C723383247005EC9DC /* LoginUser.swift */ = {isa = PBXFileReference; lastKnownFileType = sourcecode.swift; path = LoginUser.swift; sourceTree = "<group>"; };
		6E8213CA233864A6005EC9DC /* UserCredentials.swift */ = {isa = PBXFileReference; lastKnownFileType = sourcecode.swift; path = UserCredentials.swift; sourceTree = "<group>"; };
		6E8213CE23386563005EC9DC /* UserCredentialsBuilder.swift */ = {isa = PBXFileReference; lastKnownFileType = sourcecode.swift; path = UserCredentialsBuilder.swift; sourceTree = "<group>"; };
		6E88F404233EE02400866CCA /* CreatePost.swift */ = {isa = PBXFileReference; lastKnownFileType = sourcecode.swift; path = CreatePost.swift; sourceTree = "<group>"; };
		6E88F407233EE06900866CCA /* Post.swift */ = {isa = PBXFileReference; lastKnownFileType = sourcecode.swift; path = Post.swift; sourceTree = "<group>"; };
		6E88F409233EE13600866CCA /* PostService.swift */ = {isa = PBXFileReference; lastKnownFileType = sourcecode.swift; path = PostService.swift; sourceTree = "<group>"; };
		6E88F40E233EE1FF00866CCA /* CreatePostDefaultTests.swift */ = {isa = PBXFileReference; lastKnownFileType = sourcecode.swift; path = CreatePostDefaultTests.swift; sourceTree = "<group>"; };
		6E88F412233EE6E100866CCA /* PostBuilder.swift */ = {isa = PBXFileReference; lastKnownFileType = sourcecode.swift; path = PostBuilder.swift; sourceTree = "<group>"; };
		6E88F419233EEA5000866CCA /* InappropriateLanguageError.swift */ = {isa = PBXFileReference; lastKnownFileType = sourcecode.swift; path = InappropriateLanguageError.swift; sourceTree = "<group>"; };
		6E9276C1233669A900069595 /* PrimaryButton+Animation.swift */ = {isa = PBXFileReference; lastKnownFileType = sourcecode.swift; path = "PrimaryButton+Animation.swift"; sourceTree = "<group>"; };
		6E9FE291233823EA008111C8 /* LoginUserViewModelTests.swift */ = {isa = PBXFileReference; fileEncoding = 4; lastKnownFileType = sourcecode.swift; path = LoginUserViewModelTests.swift; sourceTree = "<group>"; };
		6EA4E59E236F5424004600B5 /* FlipTransitioningDelegate.swift */ = {isa = PBXFileReference; lastKnownFileType = sourcecode.swift; path = FlipTransitioningDelegate.swift; sourceTree = "<group>"; };
		6EA4E5A0236F75A9004600B5 /* GetAllUsers.swift */ = {isa = PBXFileReference; lastKnownFileType = sourcecode.swift; path = GetAllUsers.swift; sourceTree = "<group>"; };
		6EA4E5A2236F77BF004600B5 /* GetAllUsersDefaultTests.swift */ = {isa = PBXFileReference; lastKnownFileType = sourcecode.swift; path = GetAllUsersDefaultTests.swift; sourceTree = "<group>"; };
		6EAEDBD9235386B200384007 /* Infrastructure.swift */ = {isa = PBXFileReference; lastKnownFileType = sourcecode.swift; path = Infrastructure.swift; sourceTree = "<group>"; };
		6EAEDBDB235418CB00384007 /* CreatePostCoordinator.swift */ = {isa = PBXFileReference; lastKnownFileType = sourcecode.swift; path = CreatePostCoordinator.swift; sourceTree = "<group>"; };
		6EB82DCE23372DF50072947E /* UsernameAlreadyInUseError.swift */ = {isa = PBXFileReference; lastKnownFileType = sourcecode.swift; path = UsernameAlreadyInUseError.swift; sourceTree = "<group>"; };
		6EC4722523442E1500D6AFBC /* PublishSubject+Extension.swift */ = {isa = PBXFileReference; lastKnownFileType = sourcecode.swift; path = "PublishSubject+Extension.swift"; sourceTree = "<group>"; };
		6ED0445623365DF600548E8F /* PrimaryButton.swift */ = {isa = PBXFileReference; lastKnownFileType = sourcecode.swift; path = PrimaryButton.swift; sourceTree = "<group>"; };
		6ED72A842331C4FA00DE36F3 /* Colors.xcassets */ = {isa = PBXFileReference; lastKnownFileType = folder.assetcatalog; path = Colors.xcassets; sourceTree = "<group>"; };
		6ED72A862331E52400DE36F3 /* ColorsCatalog.swift */ = {isa = PBXFileReference; lastKnownFileType = sourcecode.swift; path = ColorsCatalog.swift; sourceTree = "<group>"; };
		6EE15C3C2336CA5D004AA235 /* UserBuilder.swift */ = {isa = PBXFileReference; lastKnownFileType = sourcecode.swift; path = UserBuilder.swift; sourceTree = "<group>"; };
		6EE15C402336DA7D004AA235 /* NSError+Extension.swift */ = {isa = PBXFileReference; lastKnownFileType = sourcecode.swift; path = "NSError+Extension.swift"; sourceTree = "<group>"; };
		6EF9D6A32336EBE20041803D /* UserService.swift */ = {isa = PBXFileReference; lastKnownFileType = sourcecode.swift; path = UserService.swift; sourceTree = "<group>"; };
		6EF9D6A52336EC710041803D /* RegistrationData.swift */ = {isa = PBXFileReference; lastKnownFileType = sourcecode.swift; path = RegistrationData.swift; sourceTree = "<group>"; };
		6EF9D6A82336F0820041803D /* RegisterUserDefaultTests.swift */ = {isa = PBXFileReference; lastKnownFileType = sourcecode.swift; path = RegisterUserDefaultTests.swift; sourceTree = "<group>"; };
		6EF9D6AD2336F1450041803D /* RegistrationDataBuilder.swift */ = {isa = PBXFileReference; lastKnownFileType = sourcecode.swift; path = RegistrationDataBuilder.swift; sourceTree = "<group>"; };
		6EF9D6AF2336F4510041803D /* UserServiceDefaultTests.swift */ = {isa = PBXFileReference; lastKnownFileType = sourcecode.swift; path = UserServiceDefaultTests.swift; sourceTree = "<group>"; };
		6EF9D6B12336F49A0041803D /* UserRepository.swift */ = {isa = PBXFileReference; lastKnownFileType = sourcecode.swift; path = UserRepository.swift; sourceTree = "<group>"; };
		6EF9D6B32336F9310041803D /* PostIdGenerator.swift */ = {isa = PBXFileReference; lastKnownFileType = sourcecode.swift; path = PostIdGenerator.swift; sourceTree = "<group>"; };
		6EFAD4AB235288870012E4DB /* PostTableViewCell.swift */ = {isa = PBXFileReference; lastKnownFileType = sourcecode.swift; path = PostTableViewCell.swift; sourceTree = "<group>"; };
		6EFAD4AC235288870012E4DB /* PostTableViewCell.xib */ = {isa = PBXFileReference; lastKnownFileType = file.xib; path = PostTableViewCell.xib; sourceTree = "<group>"; };
		6EFAD4AF23528AD20012E4DB /* PostCellViewModel.swift */ = {isa = PBXFileReference; lastKnownFileType = sourcecode.swift; path = PostCellViewModel.swift; sourceTree = "<group>"; };
		9AFB8FA4A3C3E3E289F6B653 /* Pods-SocialNetworkingTests.release.xcconfig */ = {isa = PBXFileReference; includeInIndex = 1; lastKnownFileType = text.xcconfig; name = "Pods-SocialNetworkingTests.release.xcconfig"; path = "Target Support Files/Pods-SocialNetworkingTests/Pods-SocialNetworkingTests.release.xcconfig"; sourceTree = "<group>"; };
		9C49EC2F9AB51B19F1BD5AAF /* Pods-SocialNetworking.debug.xcconfig */ = {isa = PBXFileReference; includeInIndex = 1; lastKnownFileType = text.xcconfig; name = "Pods-SocialNetworking.debug.xcconfig"; path = "Target Support Files/Pods-SocialNetworking/Pods-SocialNetworking.debug.xcconfig"; sourceTree = "<group>"; };
		9FD93863C26ABF88FC2B4823 /* Pods_SocialNetworkingTests.framework */ = {isa = PBXFileReference; explicitFileType = wrapper.framework; includeInIndex = 0; path = Pods_SocialNetworkingTests.framework; sourceTree = BUILT_PRODUCTS_DIR; };
		E913656423307CF10015CF99 /* RegisterUserViewController.swift */ = {isa = PBXFileReference; lastKnownFileType = sourcecode.swift; path = RegisterUserViewController.swift; sourceTree = "<group>"; };
		E913656523307CF10015CF99 /* RegisterUserView.swift */ = {isa = PBXFileReference; lastKnownFileType = sourcecode.swift; path = RegisterUserView.swift; sourceTree = "<group>"; };
		E913656623307CF10015CF99 /* RegisterUserViewModel.swift */ = {isa = PBXFileReference; lastKnownFileType = sourcecode.swift; path = RegisterUserViewModel.swift; sourceTree = "<group>"; };
		E913656723307CF10015CF99 /* RegisterUserView.xib */ = {isa = PBXFileReference; lastKnownFileType = file.xib; path = RegisterUserView.xib; sourceTree = "<group>"; };
		E94091A323B83CEF002FD0B3 /* UserId.swift */ = {isa = PBXFileReference; lastKnownFileType = sourcecode.swift; path = UserId.swift; sourceTree = "<group>"; };
		E94091A523B83E65002FD0B3 /* UserIdGenerator.swift */ = {isa = PBXFileReference; lastKnownFileType = sourcecode.swift; path = UserIdGenerator.swift; sourceTree = "<group>"; };
		E94091A723B845D5002FD0B3 /* PostId.swift */ = {isa = PBXFileReference; lastKnownFileType = sourcecode.swift; path = PostId.swift; sourceTree = "<group>"; };
		E985DDA2232DE7DF009C2C32 /* SocialNetworking.app */ = {isa = PBXFileReference; explicitFileType = wrapper.application; includeInIndex = 0; path = SocialNetworking.app; sourceTree = BUILT_PRODUCTS_DIR; };
		E985DDA5232DE7DF009C2C32 /* AppDelegate.swift */ = {isa = PBXFileReference; lastKnownFileType = sourcecode.swift; path = AppDelegate.swift; sourceTree = "<group>"; };
		E985DDAE232DE7E0009C2C32 /* Assets.xcassets */ = {isa = PBXFileReference; lastKnownFileType = folder.assetcatalog; path = Assets.xcassets; sourceTree = "<group>"; };
		E985DDB1232DE7E0009C2C32 /* Base */ = {isa = PBXFileReference; lastKnownFileType = file.storyboard; name = Base; path = Base.lproj/LaunchScreen.storyboard; sourceTree = "<group>"; };
		E985DDB3232DE7E0009C2C32 /* Info.plist */ = {isa = PBXFileReference; lastKnownFileType = text.plist.xml; path = Info.plist; sourceTree = "<group>"; };
		E985DDB8232DE7E0009C2C32 /* SocialNetworkingTests.xctest */ = {isa = PBXFileReference; explicitFileType = wrapper.cfbundle; includeInIndex = 0; path = SocialNetworkingTests.xctest; sourceTree = BUILT_PRODUCTS_DIR; };
		E985DDBE232DE7E0009C2C32 /* Info.plist */ = {isa = PBXFileReference; lastKnownFileType = text.plist.xml; path = Info.plist; sourceTree = "<group>"; };
		E9F5A7FC232E823200CE8BEF /* ApplicationCoordinator.swift */ = {isa = PBXFileReference; lastKnownFileType = sourcecode.swift; path = ApplicationCoordinator.swift; sourceTree = "<group>"; };
/* End PBXFileReference section */

/* Begin PBXFrameworksBuildPhase section */
		E985DD9F232DE7DF009C2C32 /* Frameworks */ = {
			isa = PBXFrameworksBuildPhase;
			buildActionMask = 2147483647;
			files = (
				84306CEEA0D79A51E3C4AD6C /* Pods_SocialNetworking.framework in Frameworks */,
			);
			runOnlyForDeploymentPostprocessing = 0;
		};
		E985DDB5232DE7E0009C2C32 /* Frameworks */ = {
			isa = PBXFrameworksBuildPhase;
			buildActionMask = 2147483647;
			files = (
				A142D0E05FB7B9B9BF719631 /* Pods_SocialNetworkingTests.framework in Frameworks */,
			);
			runOnlyForDeploymentPostprocessing = 0;
		};
/* End PBXFrameworksBuildPhase section */

/* Begin PBXGroup section */
		6553A5D2411D4B0211262537 /* Frameworks */ = {
			isa = PBXGroup;
			children = (
				140625F3EA405F4A3EC244CB /* Pods_SocialNetworking.framework */,
				9FD93863C26ABF88FC2B4823 /* Pods_SocialNetworkingTests.framework */,
			);
			name = Frameworks;
			sourceTree = "<group>";
		};
		6E069764234C26630022C091 /* Infrastructure */ = {
			isa = PBXGroup;
			children = (
				6E069765234C26C70022C091 /* Repository */,
			);
			path = Infrastructure;
			sourceTree = "<group>";
		};
		6E069765234C26C70022C091 /* Repository */ = {
			isa = PBXGroup;
			children = (
				6E069766234C26DF0022C091 /* InMemoryPostRepositoryTest.swift */,
			);
			path = Repository;
			sourceTree = "<group>";
		};
		6E0C14312333005E000D1524 /* Common */ = {
			isa = PBXGroup;
			children = (
				6EAEDBD82353868D00384007 /* Infrastructure */,
				E9F5A7FF232E82E900CE8BEF /* Application */,
			);
			path = Common;
			sourceTree = "<group>";
		};
		6E0C1435233300C7000D1524 /* Presentation */ = {
			isa = PBXGroup;
			children = (
				E9F5A7FC232E823200CE8BEF /* ApplicationCoordinator.swift */,
				E985DDB0232DE7E0009C2C32 /* LaunchScreen.storyboard */,
				6ED0445523365DA400548E8F /* View */,
			);
			path = Presentation;
			sourceTree = "<group>";
		};
		6E0C1436233300E1000D1524 /* Resource */ = {
			isa = PBXGroup;
			children = (
				E985DDAE232DE7E0009C2C32 /* Assets.xcassets */,
				6ED72A842331C4FA00DE36F3 /* Colors.xcassets */,
				6ED72A862331E52400DE36F3 /* ColorsCatalog.swift */,
				E985DDB3232DE7E0009C2C32 /* Info.plist */,
			);
			path = Resource;
			sourceTree = "<group>";
		};
		6E0C14372333013C000D1524 /* UIKitExtension */ = {
			isa = PBXGroup;
			children = (
				6E0C143823330162000D1524 /* UIView+Animation.swift */,
				6E534DC723414824008A5BD7 /* UIButton+TouchUpInsideAnimation.swift */,
			);
			path = UIKitExtension;
			sourceTree = "<group>";
		};
		6E0C143A23332657000D1524 /* UserLogin */ = {
			isa = PBXGroup;
			children = (
				6E0C143B23332665000D1524 /* Application */,
			);
			path = UserLogin;
			sourceTree = "<group>";
		};
		6E0C143B23332665000D1524 /* Application */ = {
			isa = PBXGroup;
			children = (
				6E0C143C2333266D000D1524 /* Presentation */,
			);
			path = Application;
			sourceTree = "<group>";
		};
		6E0C143C2333266D000D1524 /* Presentation */ = {
			isa = PBXGroup;
			children = (
				6E88F3FD233EDAFC00866CCA /* Login */,
				6E88F3FC233EDAF400866CCA /* Register */,
			);
			path = Presentation;
			sourceTree = "<group>";
		};
		6E1CA933233801CC0045E066 /* Repository */ = {
			isa = PBXGroup;
			children = (
				6E1CA934233801E70045E066 /* InMemoryUserRepository.swift */,
			);
			path = Repository;
			sourceTree = "<group>";
		};
		6E1CA936233802680045E066 /* Infrastructure */ = {
			isa = PBXGroup;
			children = (
				6E1CA937233802730045E066 /* Repository */,
			);
			path = Infrastructure;
			sourceTree = "<group>";
		};
		6E1CA937233802730045E066 /* Repository */ = {
			isa = PBXGroup;
			children = (
				6E1CA9382338028D0045E066 /* InMemoryUserRepositoryTests.swift */,
			);
			path = Repository;
			sourceTree = "<group>";
		};
		6E1CA93A23380FE00045E066 /* UserLogin */ = {
			isa = PBXGroup;
			children = (
				E968B52C23B946E50011CF29 /* Application */,
			);
			path = UserLogin;
			sourceTree = "<group>";
		};
		6E1CA93C23380FFA0045E066 /* Presentation */ = {
			isa = PBXGroup;
			children = (
				6E88F3FA233EDA8000866CCA /* Login */,
				6E88F3FB233EDA8500866CCA /* Register */,
			);
			path = Presentation;
			sourceTree = "<group>";
		};
		6E1E023C2340466200306025 /* Application */ = {
			isa = PBXGroup;
			children = (
				6E1E023D2340467300306025 /* Presentation */,
			);
			path = Application;
			sourceTree = "<group>";
		};
		6E1E023D2340467300306025 /* Presentation */ = {
			isa = PBXGroup;
			children = (
				6E1E023F2340493200306025 /* UserTimelineCoordinator.swift */,
				6E534DD8234183CB008A5BD7 /* UserTimelineViewModel.swift */,
				6E534DD22341831C008A5BD7 /* UserTimelineViewController.swift */,
				6E534DD62341833E008A5BD7 /* UserTimelineView.swift */,
				6E534DD42341832C008A5BD7 /* UserTimelineView.xib */,
				6EA4E59E236F5424004600B5 /* FlipTransitioningDelegate.swift */,
				6E3D4D632356A2330037CA9F /* TopBar */,
				6EFAD4AA2352883C0012E4DB /* Cell */,
			);
			path = Presentation;
			sourceTree = "<group>";
		};
		6E3D4D632356A2330037CA9F /* TopBar */ = {
			isa = PBXGroup;
			children = (
				6E3D4D612356A22D0037CA9F /* UserTimelineTopBarView.swift */,
				6E3D4D5F23569FC50037CA9F /* UserTimelineTopBarViewModel.swift */,
				6E3D4D642356A2470037CA9F /* UserTimelineTopBarViewContent.xib */,
			);
			path = TopBar;
			sourceTree = "<group>";
		};
		6E4A9D3C235BB95100DBF02C /* Application */ = {
			isa = PBXGroup;
			children = (
				6E4A9D3D235BB96C00DBF02C /* Presentation */,
			);
			path = Application;
			sourceTree = "<group>";
		};
		6E4A9D3D235BB96C00DBF02C /* Presentation */ = {
			isa = PBXGroup;
			children = (
				6E4A9D3E235BB97500DBF02C /* Timeline */,
			);
			path = Presentation;
			sourceTree = "<group>";
		};
		6E4A9D3E235BB97500DBF02C /* Timeline */ = {
			isa = PBXGroup;
			children = (
				6E4A9D3F235BB98800DBF02C /* Cell */,
			);
			path = Timeline;
			sourceTree = "<group>";
		};
		6E4A9D3F235BB98800DBF02C /* Cell */ = {
			isa = PBXGroup;
			children = (
				6E4A9D42235BB9E800DBF02C /* PostTimeDescriptionTest.swift */,
			);
			path = Cell;
			sourceTree = "<group>";
		};
		6E534DCD23415EDB008A5BD7 /* Infrastructure */ = {
			isa = PBXGroup;
			children = (
				6E534DCE23415EEA008A5BD7 /* Repository */,
			);
			path = Infrastructure;
			sourceTree = "<group>";
		};
		6E534DCE23415EEA008A5BD7 /* Repository */ = {
			isa = PBXGroup;
			children = (
				6E534DCF23415F03008A5BD7 /* InMemoryPostRepository.swift */,
			);
			path = Repository;
			sourceTree = "<group>";
		};
		6E8213C52338319B005EC9DC /* Domain */ = {
			isa = PBXGroup;
			children = (
				6E8213C6233831AD005EC9DC /* Action */,
				6E8213C92338648E005EC9DC /* Model */,
			);
			path = Domain;
			sourceTree = "<group>";
		};
		6E8213C6233831AD005EC9DC /* Action */ = {
			isa = PBXGroup;
			children = (
				6E7DF8D12336796400F829FA /* RegisterUser.swift */,
				6E8213C723383247005EC9DC /* LoginUser.swift */,
				6EA4E5A0236F75A9004600B5 /* GetAllUsers.swift */,
			);
			path = Action;
			sourceTree = "<group>";
		};
		6E8213C92338648E005EC9DC /* Model */ = {
			isa = PBXGroup;
			children = (
				6E88F3FE233EDF2A00866CCA /* User */,
			);
			path = Model;
			sourceTree = "<group>";
		};
		6E88F3F9233EDA6100866CCA /* Infrastructure */ = {
			isa = PBXGroup;
			children = (
				6E1CA933233801CC0045E066 /* Repository */,
			);
			path = Infrastructure;
			sourceTree = "<group>";
		};
		6E88F3FA233EDA8000866CCA /* Login */ = {
			isa = PBXGroup;
			children = (
				6E1CA93D233810210045E066 /* LoginUserCoordinator.swift */,
				6E1CA940233810210045E066 /* LoginUserViewModel.swift */,
				6E1CA93E233810210045E066 /* LoginUserViewController.swift */,
				6E1CA93F233810210045E066 /* LoginUserView.swift */,
				6E1CA941233810210045E066 /* LoginUserView.xib */,
			);
			path = Login;
			sourceTree = "<group>";
		};
		6E88F3FB233EDA8500866CCA /* Register */ = {
			isa = PBXGroup;
			children = (
				E913656623307CF10015CF99 /* RegisterUserViewModel.swift */,
				E913656423307CF10015CF99 /* RegisterUserViewController.swift */,
				E913656523307CF10015CF99 /* RegisterUserView.swift */,
				E913656723307CF10015CF99 /* RegisterUserView.xib */,
			);
			path = Register;
			sourceTree = "<group>";
		};
		6E88F3FC233EDAF400866CCA /* Register */ = {
			isa = PBXGroup;
			children = (
				6E0C143D23332688000D1524 /* RegisterUserViewModelTests.swift */,
			);
			path = Register;
			sourceTree = "<group>";
		};
		6E88F3FD233EDAFC00866CCA /* Login */ = {
			isa = PBXGroup;
			children = (
				6E9FE291233823EA008111C8 /* LoginUserViewModelTests.swift */,
			);
			path = Login;
			sourceTree = "<group>";
		};
		6E88F3FE233EDF2A00866CCA /* User */ = {
			isa = PBXGroup;
			children = (
				E94091A523B83E65002FD0B3 /* UserIdGenerator.swift */,
				E94091A323B83CEF002FD0B3 /* UserId.swift */,
				6E7DF8D5233679C300F829FA /* User.swift */,
				6EF9D6A32336EBE20041803D /* UserService.swift */,
				6EF9D6B12336F49A0041803D /* UserRepository.swift */,
				6E8213CA233864A6005EC9DC /* UserCredentials.swift */,
				6EF9D6A52336EC710041803D /* RegistrationData.swift */,
				6E7586652339B6E900976AE0 /* InvalidLoginCredentialsError.swift */,
				6EB82DCE23372DF50072947E /* UsernameAlreadyInUseError.swift */,
			);
			path = User;
			sourceTree = "<group>";
		};
		6E88F3FF233EDFB700866CCA /* User */ = {
			isa = PBXGroup;
			children = (
				6EF9D6AF2336F4510041803D /* UserServiceDefaultTests.swift */,
				6EE15C3C2336CA5D004AA235 /* UserBuilder.swift */,
				6EF9D6AD2336F1450041803D /* RegistrationDataBuilder.swift */,
				6E8213CE23386563005EC9DC /* UserCredentialsBuilder.swift */,
			);
			path = User;
			sourceTree = "<group>";
		};
		6E88F400233EDFEC00866CCA /* UserTimeline */ = {
			isa = PBXGroup;
			children = (
				6E1E023C2340466200306025 /* Application */,
			);
			path = UserTimeline;
			sourceTree = "<group>";
		};
		6E88F401233EE00400866CCA /* Domain */ = {
			isa = PBXGroup;
			children = (
				6E88F403233EE01200866CCA /* Action */,
				6E88F402233EE00900866CCA /* Model */,
			);
			path = Domain;
			sourceTree = "<group>";
		};
		6E88F402233EE00900866CCA /* Model */ = {
			isa = PBXGroup;
			children = (
				E968B52923B945BE0011CF29 /* Clock */,
				6E88F406233EE05A00866CCA /* Post */,
			);
			path = Model;
			sourceTree = "<group>";
		};
		6E88F403233EE01200866CCA /* Action */ = {
			isa = PBXGroup;
			children = (
				6E88F404233EE02400866CCA /* CreatePost.swift */,
				6E72119C234969920014BE9C /* GetPosts.swift */,
			);
			path = Action;
			sourceTree = "<group>";
		};
		6E88F406233EE05A00866CCA /* Post */ = {
			isa = PBXGroup;
			children = (
				6EF9D6B32336F9310041803D /* PostIdGenerator.swift */,
				E94091A723B845D5002FD0B3 /* PostId.swift */,
				6E88F407233EE06900866CCA /* Post.swift */,
				6E88F409233EE13600866CCA /* PostService.swift */,
				6E1E023623400D5200306025 /* PostRepository.swift */,
				6E88F419233EEA5000866CCA /* InappropriateLanguageError.swift */,
				6E1E023A234018DB00306025 /* LanguageService.swift */,
			);
			path = Post;
			sourceTree = "<group>";
		};
		6E88F40B233EE1DE00866CCA /* UserTimeline */ = {
			isa = PBXGroup;
			children = (
				6E4A9D3C235BB95100DBF02C /* Application */,
			);
			path = UserTimeline;
			sourceTree = "<group>";
		};
		6E88F40C233EE1EB00866CCA /* Domain */ = {
			isa = PBXGroup;
			children = (
				6E88F40D233EE1F000866CCA /* Action */,
				6E88F410233EE6CB00866CCA /* Model */,
			);
			name = Domain;
			path = SocialNetworkingTests/Post/Domain;
			sourceTree = SOURCE_ROOT;
		};
		6E88F40D233EE1F000866CCA /* Action */ = {
			isa = PBXGroup;
			children = (
				6E88F40E233EE1FF00866CCA /* CreatePostDefaultTests.swift */,
				6E72119E23496A6A0014BE9C /* GetPostsDefaultTests.swift */,
			);
			path = Action;
			sourceTree = "<group>";
		};
		6E88F410233EE6CB00866CCA /* Model */ = {
			isa = PBXGroup;
			children = (
				6E88F411233EE6D400866CCA /* Post */,
			);
			path = Model;
			sourceTree = "<group>";
		};
		6E88F411233EE6D400866CCA /* Post */ = {
			isa = PBXGroup;
			children = (
				6E88F412233EE6E100866CCA /* PostBuilder.swift */,
				6E1E023423400C9D00306025 /* PostServiceDefaultTests.swift */,
				6E534DCB23415704008A5BD7 /* LanguageServiceDefaultTests.swift */,
			);
			path = Post;
			sourceTree = "<group>";
		};
		6EAEDBD82353868D00384007 /* Infrastructure */ = {
			isa = PBXGroup;
			children = (
				6EAEDBD9235386B200384007 /* Infrastructure.swift */,
				6EC4722423442DED00D6AFBC /* RxSwiftExtension */,
				6E0C14372333013C000D1524 /* UIKitExtension */,
				6EE15C3F2336DA5D004AA235 /* FoundationExtension */,
			);
			path = Infrastructure;
			sourceTree = "<group>";
		};
		6EC4722423442DED00D6AFBC /* RxSwiftExtension */ = {
			isa = PBXGroup;
			children = (
				6EC4722523442E1500D6AFBC /* PublishSubject+Extension.swift */,
			);
			path = RxSwiftExtension;
			sourceTree = "<group>";
		};
		6ED0445523365DA400548E8F /* View */ = {
			isa = PBXGroup;
			children = (
				6ED0445623365DF600548E8F /* PrimaryButton.swift */,
				6E9276C1233669A900069595 /* PrimaryButton+Animation.swift */,
			);
			path = View;
			sourceTree = "<group>";
		};
		6EE15C3F2336DA5D004AA235 /* FoundationExtension */ = {
			isa = PBXGroup;
			children = (
				6EE15C402336DA7D004AA235 /* NSError+Extension.swift */,
			);
			path = FoundationExtension;
			sourceTree = "<group>";
		};
		6EF9D6A72336F0630041803D /* Action */ = {
			isa = PBXGroup;
			children = (
				6E7586632339AFE500976AE0 /* LoginUserDefaultTests.swift */,
				6EF9D6A82336F0820041803D /* RegisterUserDefaultTests.swift */,
				6EA4E5A2236F77BF004600B5 /* GetAllUsersDefaultTests.swift */,
			);
			path = Action;
			sourceTree = "<group>";
		};
		6EF9D6AA2336F11B0041803D /* Model */ = {
			isa = PBXGroup;
			children = (
				6E88F3FF233EDFB700866CCA /* User */,
			);
			path = Model;
			sourceTree = "<group>";
		};
		6EF9D6AB2336F1280041803D /* Domain */ = {
			isa = PBXGroup;
			children = (
				6EF9D6A72336F0630041803D /* Action */,
				6EF9D6AA2336F11B0041803D /* Model */,
			);
			path = Domain;
			sourceTree = "<group>";
		};
		6EFAD4AA2352883C0012E4DB /* Cell */ = {
			isa = PBXGroup;
			children = (
				6EFAD4AF23528AD20012E4DB /* PostCellViewModel.swift */,
				6EFAD4AB235288870012E4DB /* PostTableViewCell.swift */,
				6EFAD4AC235288870012E4DB /* PostTableViewCell.xib */,
				6E4A9D40235BB9AE00DBF02C /* PostTimeDescription.swift */,
			);
			path = Cell;
			sourceTree = "<group>";
		};
		9CCAC78E4FDBBED406029C02 /* Pods */ = {
			isa = PBXGroup;
			children = (
				9C49EC2F9AB51B19F1BD5AAF /* Pods-SocialNetworking.debug.xcconfig */,
				20DA13A29609A51F33BDDAC9 /* Pods-SocialNetworking.release.xcconfig */,
				555ADF3D131C74BE6441D6A1 /* Pods-SocialNetworkingTests.debug.xcconfig */,
				9AFB8FA4A3C3E3E289F6B653 /* Pods-SocialNetworkingTests.release.xcconfig */,
			);
			path = Pods;
			sourceTree = "<group>";
		};
		E968B52323B9423A0011CF29 /* User */ = {
			isa = PBXGroup;
			children = (
				6E8213C52338319B005EC9DC /* Domain */,
				6E88F3F9233EDA6100866CCA /* Infrastructure */,
			);
			path = User;
			sourceTree = "<group>";
		};
		E968B52523B943210011CF29 /* Post */ = {
			isa = PBXGroup;
			children = (
				6E88F401233EE00400866CCA /* Domain */,
				6E534DCD23415EDB008A5BD7 /* Infrastructure */,
			);
			path = Post;
			sourceTree = "<group>";
		};
		E968B52623B943C00011CF29 /* PostCreation */ = {
			isa = PBXGroup;
			children = (
				E968B52723B943ED0011CF29 /* Application */,
			);
			path = PostCreation;
			sourceTree = "<group>";
		};
		E968B52723B943ED0011CF29 /* Application */ = {
			isa = PBXGroup;
			children = (
				E968B52823B943F40011CF29 /* Presentation */,
			);
			path = Application;
			sourceTree = "<group>";
		};
		E968B52823B943F40011CF29 /* Presentation */ = {
			isa = PBXGroup;
			children = (
				6EAEDBDB235418CB00384007 /* CreatePostCoordinator.swift */,
				6E1E02422340493200306025 /* CreatePostViewModel.swift */,
				6E1E02402340493200306025 /* CreatePostViewController.swift */,
				6E1E02412340493200306025 /* CreatePostView.swift */,
				6E1E02432340493200306025 /* CreatePostView.xib */,
			);
			path = Presentation;
			sourceTree = "<group>";
		};
		E968B52923B945BE0011CF29 /* Clock */ = {
			isa = PBXGroup;
			children = (
				6E1E0238234013FB00306025 /* Clock.swift */,
			);
			path = Clock;
			sourceTree = "<group>";
		};
		E968B52A23B946290011CF29 /* User */ = {
			isa = PBXGroup;
			children = (
				6EF9D6AB2336F1280041803D /* Domain */,
				6E1CA936233802680045E066 /* Infrastructure */,
			);
			path = User;
			sourceTree = "<group>";
		};
		E968B52C23B946E50011CF29 /* Application */ = {
			isa = PBXGroup;
			children = (
				6E1CA93C23380FFA0045E066 /* Presentation */,
			);
			path = Application;
			sourceTree = "<group>";
		};
		E968B52D23B947580011CF29 /* Post */ = {
			isa = PBXGroup;
			children = (
				6E88F40C233EE1EB00866CCA /* Domain */,
				6E069764234C26630022C091 /* Infrastructure */,
			);
			path = Post;
			sourceTree = "<group>";
		};
		E985DD99232DE7DF009C2C32 = {
			isa = PBXGroup;
			children = (
				E985DDA4232DE7DF009C2C32 /* SocialNetworking */,
				E985DDBB232DE7E0009C2C32 /* SocialNetworkingTests */,
				E985DDA3232DE7DF009C2C32 /* Products */,
				9CCAC78E4FDBBED406029C02 /* Pods */,
				6553A5D2411D4B0211262537 /* Frameworks */,
			);
			sourceTree = "<group>";
		};
		E985DDA3232DE7DF009C2C32 /* Products */ = {
			isa = PBXGroup;
			children = (
				E985DDA2232DE7DF009C2C32 /* SocialNetworking.app */,
				E985DDB8232DE7E0009C2C32 /* SocialNetworkingTests.xctest */,
			);
			name = Products;
			sourceTree = "<group>";
		};
		E985DDA4232DE7DF009C2C32 /* SocialNetworking */ = {
			isa = PBXGroup;
			children = (
				6E0C14312333005E000D1524 /* Common */,
				E968B52323B9423A0011CF29 /* User */,
				E968B52523B943210011CF29 /* Post */,
				6E1CA93A23380FE00045E066 /* UserLogin */,
				6E88F400233EDFEC00866CCA /* UserTimeline */,
				E968B52623B943C00011CF29 /* PostCreation */,
			);
			path = SocialNetworking;
			sourceTree = "<group>";
		};
		E985DDBB232DE7E0009C2C32 /* SocialNetworkingTests */ = {
			isa = PBXGroup;
			children = (
				E985DDBE232DE7E0009C2C32 /* Info.plist */,
				6E7DF8D82336941500F829FA /* mocky.yml */,
				6E7DF8DA2336949A00F829FA /* Mock.generated.swift */,
				E968B52A23B946290011CF29 /* User */,
				E968B52D23B947580011CF29 /* Post */,
				6E0C143A23332657000D1524 /* UserLogin */,
				6E88F40B233EE1DE00866CCA /* UserTimeline */,
			);
			path = SocialNetworkingTests;
			sourceTree = "<group>";
		};
		E9F5A7FF232E82E900CE8BEF /* Application */ = {
			isa = PBXGroup;
			children = (
				E985DDA5232DE7DF009C2C32 /* AppDelegate.swift */,
				6E0C1435233300C7000D1524 /* Presentation */,
				6E0C1436233300E1000D1524 /* Resource */,
			);
			path = Application;
			sourceTree = "<group>";
		};
/* End PBXGroup section */

/* Begin PBXNativeTarget section */
		E985DDA1232DE7DF009C2C32 /* SocialNetworking */ = {
			isa = PBXNativeTarget;
			buildConfigurationList = E985DDC1232DE7E0009C2C32 /* Build configuration list for PBXNativeTarget "SocialNetworking" */;
			buildPhases = (
				6B24AAC2BD98946BEBEDDC17 /* [CP] Check Pods Manifest.lock */,
				E985DD9E232DE7DF009C2C32 /* Sources */,
				E985DD9F232DE7DF009C2C32 /* Frameworks */,
				E985DDA0232DE7DF009C2C32 /* Resources */,
				6F5156C592D8D2669D8CC5DE /* [CP] Embed Pods Frameworks */,
			);
			buildRules = (
			);
			dependencies = (
			);
			name = SocialNetworking;
			productName = SocialNetworking;
			productReference = E985DDA2232DE7DF009C2C32 /* SocialNetworking.app */;
			productType = "com.apple.product-type.application";
		};
		E985DDB7232DE7E0009C2C32 /* SocialNetworkingTests */ = {
			isa = PBXNativeTarget;
			buildConfigurationList = E985DDC4232DE7E0009C2C32 /* Build configuration list for PBXNativeTarget "SocialNetworkingTests" */;
			buildPhases = (
				B5F9C9CC5BADCED51B0BBBCB /* [CP] Check Pods Manifest.lock */,
				E985DDB4232DE7E0009C2C32 /* Sources */,
				E985DDB5232DE7E0009C2C32 /* Frameworks */,
				E985DDB6232DE7E0009C2C32 /* Resources */,
				5CFA36E312918435AF77F524 /* [CP] Embed Pods Frameworks */,
			);
			buildRules = (
			);
			dependencies = (
				E985DDBA232DE7E0009C2C32 /* PBXTargetDependency */,
			);
			name = SocialNetworkingTests;
			productName = SocialNetworkingTests;
			productReference = E985DDB8232DE7E0009C2C32 /* SocialNetworkingTests.xctest */;
			productType = "com.apple.product-type.bundle.unit-test";
		};
/* End PBXNativeTarget section */

/* Begin PBXProject section */
		E985DD9A232DE7DF009C2C32 /* Project object */ = {
			isa = PBXProject;
			attributes = {
				LastSwiftUpdateCheck = 1100;
				LastUpgradeCheck = 1100;
				ORGANIZATIONNAME = "Pablo Manuelli";
				TargetAttributes = {
					E985DDA1232DE7DF009C2C32 = {
						CreatedOnToolsVersion = 11.0;
					};
					E985DDB7232DE7E0009C2C32 = {
						CreatedOnToolsVersion = 11.0;
						TestTargetID = E985DDA1232DE7DF009C2C32;
					};
				};
			};
			buildConfigurationList = E985DD9D232DE7DF009C2C32 /* Build configuration list for PBXProject "SocialNetworking" */;
			compatibilityVersion = "Xcode 9.3";
			developmentRegion = en;
			hasScannedForEncodings = 0;
			knownRegions = (
				en,
				Base,
			);
			mainGroup = E985DD99232DE7DF009C2C32;
			productRefGroup = E985DDA3232DE7DF009C2C32 /* Products */;
			projectDirPath = "";
			projectRoot = "";
			targets = (
				E985DDA1232DE7DF009C2C32 /* SocialNetworking */,
				E985DDB7232DE7E0009C2C32 /* SocialNetworkingTests */,
			);
		};
/* End PBXProject section */

/* Begin PBXResourcesBuildPhase section */
		E985DDA0232DE7DF009C2C32 /* Resources */ = {
			isa = PBXResourcesBuildPhase;
			buildActionMask = 2147483647;
			files = (
				E985DDB2232DE7E0009C2C32 /* LaunchScreen.storyboard in Resources */,
				6ED72A852331C4FA00DE36F3 /* Colors.xcassets in Resources */,
				6E534DD52341832C008A5BD7 /* UserTimelineView.xib in Resources */,
				6E1E02482340493200306025 /* CreatePostView.xib in Resources */,
				6E3D4D652356A2470037CA9F /* UserTimelineTopBarViewContent.xib in Resources */,
				E985DDAF232DE7E0009C2C32 /* Assets.xcassets in Resources */,
				6E1CA946233810210045E066 /* LoginUserView.xib in Resources */,
				E913656B23307CF10015CF99 /* RegisterUserView.xib in Resources */,
				6EFAD4AE235288870012E4DB /* PostTableViewCell.xib in Resources */,
			);
			runOnlyForDeploymentPostprocessing = 0;
		};
		E985DDB6232DE7E0009C2C32 /* Resources */ = {
			isa = PBXResourcesBuildPhase;
			buildActionMask = 2147483647;
			files = (
				6E7DF8D92336941500F829FA /* mocky.yml in Resources */,
			);
			runOnlyForDeploymentPostprocessing = 0;
		};
/* End PBXResourcesBuildPhase section */

/* Begin PBXShellScriptBuildPhase section */
		5CFA36E312918435AF77F524 /* [CP] Embed Pods Frameworks */ = {
			isa = PBXShellScriptBuildPhase;
			buildActionMask = 2147483647;
			files = (
			);
			inputFileListPaths = (
				"${PODS_ROOT}/Target Support Files/Pods-SocialNetworkingTests/Pods-SocialNetworkingTests-frameworks-${CONFIGURATION}-input-files.xcfilelist",
			);
			name = "[CP] Embed Pods Frameworks";
			outputFileListPaths = (
				"${PODS_ROOT}/Target Support Files/Pods-SocialNetworkingTests/Pods-SocialNetworkingTests-frameworks-${CONFIGURATION}-output-files.xcfilelist",
			);
			runOnlyForDeploymentPostprocessing = 0;
			shellPath = /bin/sh;
			shellScript = "\"${PODS_ROOT}/Target Support Files/Pods-SocialNetworkingTests/Pods-SocialNetworkingTests-frameworks.sh\"\n";
			showEnvVarsInLog = 0;
		};
		6B24AAC2BD98946BEBEDDC17 /* [CP] Check Pods Manifest.lock */ = {
			isa = PBXShellScriptBuildPhase;
			buildActionMask = 2147483647;
			files = (
			);
			inputFileListPaths = (
			);
			inputPaths = (
				"${PODS_PODFILE_DIR_PATH}/Podfile.lock",
				"${PODS_ROOT}/Manifest.lock",
			);
			name = "[CP] Check Pods Manifest.lock";
			outputFileListPaths = (
			);
			outputPaths = (
				"$(DERIVED_FILE_DIR)/Pods-SocialNetworking-checkManifestLockResult.txt",
			);
			runOnlyForDeploymentPostprocessing = 0;
			shellPath = /bin/sh;
			shellScript = "diff \"${PODS_PODFILE_DIR_PATH}/Podfile.lock\" \"${PODS_ROOT}/Manifest.lock\" > /dev/null\nif [ $? != 0 ] ; then\n    # print error to STDERR\n    echo \"error: The sandbox is not in sync with the Podfile.lock. Run 'pod install' or update your CocoaPods installation.\" >&2\n    exit 1\nfi\n# This output is used by Xcode 'outputs' to avoid re-running this script phase.\necho \"SUCCESS\" > \"${SCRIPT_OUTPUT_FILE_0}\"\n";
			showEnvVarsInLog = 0;
		};
		6F5156C592D8D2669D8CC5DE /* [CP] Embed Pods Frameworks */ = {
			isa = PBXShellScriptBuildPhase;
			buildActionMask = 2147483647;
			files = (
			);
			inputFileListPaths = (
				"${PODS_ROOT}/Target Support Files/Pods-SocialNetworking/Pods-SocialNetworking-frameworks-${CONFIGURATION}-input-files.xcfilelist",
			);
			name = "[CP] Embed Pods Frameworks";
			outputFileListPaths = (
				"${PODS_ROOT}/Target Support Files/Pods-SocialNetworking/Pods-SocialNetworking-frameworks-${CONFIGURATION}-output-files.xcfilelist",
			);
			runOnlyForDeploymentPostprocessing = 0;
			shellPath = /bin/sh;
			shellScript = "\"${PODS_ROOT}/Target Support Files/Pods-SocialNetworking/Pods-SocialNetworking-frameworks.sh\"\n";
			showEnvVarsInLog = 0;
		};
		B5F9C9CC5BADCED51B0BBBCB /* [CP] Check Pods Manifest.lock */ = {
			isa = PBXShellScriptBuildPhase;
			buildActionMask = 2147483647;
			files = (
			);
			inputFileListPaths = (
			);
			inputPaths = (
				"${PODS_PODFILE_DIR_PATH}/Podfile.lock",
				"${PODS_ROOT}/Manifest.lock",
			);
			name = "[CP] Check Pods Manifest.lock";
			outputFileListPaths = (
			);
			outputPaths = (
				"$(DERIVED_FILE_DIR)/Pods-SocialNetworkingTests-checkManifestLockResult.txt",
			);
			runOnlyForDeploymentPostprocessing = 0;
			shellPath = /bin/sh;
			shellScript = "diff \"${PODS_PODFILE_DIR_PATH}/Podfile.lock\" \"${PODS_ROOT}/Manifest.lock\" > /dev/null\nif [ $? != 0 ] ; then\n    # print error to STDERR\n    echo \"error: The sandbox is not in sync with the Podfile.lock. Run 'pod install' or update your CocoaPods installation.\" >&2\n    exit 1\nfi\n# This output is used by Xcode 'outputs' to avoid re-running this script phase.\necho \"SUCCESS\" > \"${SCRIPT_OUTPUT_FILE_0}\"\n";
			showEnvVarsInLog = 0;
		};
/* End PBXShellScriptBuildPhase section */

/* Begin PBXSourcesBuildPhase section */
		E985DD9E232DE7DF009C2C32 /* Sources */ = {
			isa = PBXSourcesBuildPhase;
			buildActionMask = 2147483647;
			files = (
				6EF9D6B42336F9310041803D /* PostIdGenerator.swift in Sources */,
				6E1E023723400D5200306025 /* PostRepository.swift in Sources */,
				6EF9D6A62336EC710041803D /* RegistrationData.swift in Sources */,
				6E4A9D41235BB9AE00DBF02C /* PostTimeDescription.swift in Sources */,
				E9F5A7FD232E823200CE8BEF /* ApplicationCoordinator.swift in Sources */,
				6E534DC823414824008A5BD7 /* UIButton+TouchUpInsideAnimation.swift in Sources */,
				6E3D4D6023569FC50037CA9F /* UserTimelineTopBarViewModel.swift in Sources */,
				6E0C143923330162000D1524 /* UIView+Animation.swift in Sources */,
				6E1E02462340493200306025 /* CreatePostView.swift in Sources */,
				6E1E023B234018DB00306025 /* LanguageService.swift in Sources */,
				6ED72A872331E52400DE36F3 /* ColorsCatalog.swift in Sources */,
				6E534DD32341831C008A5BD7 /* UserTimelineViewController.swift in Sources */,
				6E534DD72341833E008A5BD7 /* UserTimelineView.swift in Sources */,
				6EFAD4AD235288870012E4DB /* PostTableViewCell.swift in Sources */,
				E913656923307CF10015CF99 /* RegisterUserView.swift in Sources */,
				6E1E02452340493200306025 /* CreatePostViewController.swift in Sources */,
				6E7586662339B6E900976AE0 /* InvalidLoginCredentialsError.swift in Sources */,
				E913656A23307CF10015CF99 /* RegisterUserViewModel.swift in Sources */,
				6EAEDBDA235386B200384007 /* Infrastructure.swift in Sources */,
				6EA4E5A1236F75A9004600B5 /* GetAllUsers.swift in Sources */,
				6E72119D234969920014BE9C /* GetPosts.swift in Sources */,
				6E1E02472340493200306025 /* CreatePostViewModel.swift in Sources */,
				6E7DF8D22336796400F829FA /* RegisterUser.swift in Sources */,
				6E8213CB233864A6005EC9DC /* UserCredentials.swift in Sources */,
				6E1CA943233810210045E066 /* LoginUserViewController.swift in Sources */,
				E94091A423B83CEF002FD0B3 /* UserId.swift in Sources */,
				6E534DD023415F03008A5BD7 /* InMemoryPostRepository.swift in Sources */,
				E94091A823B845D5002FD0B3 /* PostId.swift in Sources */,
				6EC4722623442E1500D6AFBC /* PublishSubject+Extension.swift in Sources */,
				6EFAD4B023528AD20012E4DB /* PostCellViewModel.swift in Sources */,
				6E1E0239234013FB00306025 /* Clock.swift in Sources */,
				6EF9D6A42336EBE20041803D /* UserService.swift in Sources */,
				E94091A623B83E65002FD0B3 /* UserIdGenerator.swift in Sources */,
				6E1CA935233801E70045E066 /* InMemoryUserRepository.swift in Sources */,
				6E1E02442340493200306025 /* UserTimelineCoordinator.swift in Sources */,
				6EF9D6B22336F49A0041803D /* UserRepository.swift in Sources */,
				E985DDA6232DE7DF009C2C32 /* AppDelegate.swift in Sources */,
				6EAEDBDC235418CB00384007 /* CreatePostCoordinator.swift in Sources */,
				6ED0445723365DF600548E8F /* PrimaryButton.swift in Sources */,
				6E3D4D622356A22D0037CA9F /* UserTimelineTopBarView.swift in Sources */,
				6E9276C2233669A900069595 /* PrimaryButton+Animation.swift in Sources */,
				6E88F405233EE02400866CCA /* CreatePost.swift in Sources */,
				6E88F41A233EEA5000866CCA /* InappropriateLanguageError.swift in Sources */,
				6EE15C412336DA7D004AA235 /* NSError+Extension.swift in Sources */,
				6EA4E59F236F5424004600B5 /* FlipTransitioningDelegate.swift in Sources */,
				6E1CA945233810210045E066 /* LoginUserViewModel.swift in Sources */,
				6E8213C823383247005EC9DC /* LoginUser.swift in Sources */,
				E913656823307CF10015CF99 /* RegisterUserViewController.swift in Sources */,
				6E1CA942233810210045E066 /* LoginUserCoordinator.swift in Sources */,
				6E88F40A233EE13600866CCA /* PostService.swift in Sources */,
				6EB82DCF23372DF50072947E /* UsernameAlreadyInUseError.swift in Sources */,
				6E88F408233EE06900866CCA /* Post.swift in Sources */,
				6E534DD9234183CB008A5BD7 /* UserTimelineViewModel.swift in Sources */,
				6E7DF8D6233679C300F829FA /* User.swift in Sources */,
				6E1CA944233810210045E066 /* LoginUserView.swift in Sources */,
			);
			runOnlyForDeploymentPostprocessing = 0;
		};
		E985DDB4232DE7E0009C2C32 /* Sources */ = {
			isa = PBXSourcesBuildPhase;
			buildActionMask = 2147483647;
			files = (
				6E7586642339AFE500976AE0 /* LoginUserDefaultTests.swift in Sources */,
				6E88F413233EE6E100866CCA /* PostBuilder.swift in Sources */,
				6E069767234C26DF0022C091 /* InMemoryPostRepositoryTest.swift in Sources */,
				6E7DF8DB2336949A00F829FA /* Mock.generated.swift in Sources */,
				6E72119F23496A6A0014BE9C /* GetPostsDefaultTests.swift in Sources */,
				6EA4E5A3236F77BF004600B5 /* GetAllUsersDefaultTests.swift in Sources */,
				6EF9D6A92336F0820041803D /* RegisterUserDefaultTests.swift in Sources */,
				6E1CA9392338028D0045E066 /* InMemoryUserRepositoryTests.swift in Sources */,
				6E88F40F233EE1FF00866CCA /* CreatePostDefaultTests.swift in Sources */,
				6E8213CF23386563005EC9DC /* UserCredentialsBuilder.swift in Sources */,
				6E0C143E23332688000D1524 /* RegisterUserViewModelTests.swift in Sources */,
				6E9FE292233823EA008111C8 /* LoginUserViewModelTests.swift in Sources */,
				6E4A9D43235BB9E800DBF02C /* PostTimeDescriptionTest.swift in Sources */,
				6E1E023523400C9D00306025 /* PostServiceDefaultTests.swift in Sources */,
				6EE15C3D2336CA5D004AA235 /* UserBuilder.swift in Sources */,
				6EF9D6B02336F4510041803D /* UserServiceDefaultTests.swift in Sources */,
				6EF9D6AE2336F1450041803D /* RegistrationDataBuilder.swift in Sources */,
				6E534DCC23415704008A5BD7 /* LanguageServiceDefaultTests.swift in Sources */,
			);
			runOnlyForDeploymentPostprocessing = 0;
		};
/* End PBXSourcesBuildPhase section */

/* Begin PBXTargetDependency section */
		E985DDBA232DE7E0009C2C32 /* PBXTargetDependency */ = {
			isa = PBXTargetDependency;
			target = E985DDA1232DE7DF009C2C32 /* SocialNetworking */;
			targetProxy = E985DDB9232DE7E0009C2C32 /* PBXContainerItemProxy */;
		};
/* End PBXTargetDependency section */

/* Begin PBXVariantGroup section */
		E985DDB0232DE7E0009C2C32 /* LaunchScreen.storyboard */ = {
			isa = PBXVariantGroup;
			children = (
				E985DDB1232DE7E0009C2C32 /* Base */,
			);
			name = LaunchScreen.storyboard;
			sourceTree = "<group>";
		};
/* End PBXVariantGroup section */

/* Begin XCBuildConfiguration section */
		E985DDBF232DE7E0009C2C32 /* Debug */ = {
			isa = XCBuildConfiguration;
			buildSettings = {
				ALWAYS_SEARCH_USER_PATHS = NO;
				CLANG_ANALYZER_NONNULL = YES;
				CLANG_ANALYZER_NUMBER_OBJECT_CONVERSION = YES_AGGRESSIVE;
				CLANG_CXX_LANGUAGE_STANDARD = "gnu++14";
				CLANG_CXX_LIBRARY = "libc++";
				CLANG_ENABLE_MODULES = YES;
				CLANG_ENABLE_OBJC_ARC = YES;
				CLANG_ENABLE_OBJC_WEAK = YES;
				CLANG_WARN_BLOCK_CAPTURE_AUTORELEASING = YES;
				CLANG_WARN_BOOL_CONVERSION = YES;
				CLANG_WARN_COMMA = YES;
				CLANG_WARN_CONSTANT_CONVERSION = YES;
				CLANG_WARN_DEPRECATED_OBJC_IMPLEMENTATIONS = YES;
				CLANG_WARN_DIRECT_OBJC_ISA_USAGE = YES_ERROR;
				CLANG_WARN_DOCUMENTATION_COMMENTS = YES;
				CLANG_WARN_EMPTY_BODY = YES;
				CLANG_WARN_ENUM_CONVERSION = YES;
				CLANG_WARN_INFINITE_RECURSION = YES;
				CLANG_WARN_INT_CONVERSION = YES;
				CLANG_WARN_NON_LITERAL_NULL_CONVERSION = YES;
				CLANG_WARN_OBJC_IMPLICIT_RETAIN_SELF = YES;
				CLANG_WARN_OBJC_LITERAL_CONVERSION = YES;
				CLANG_WARN_OBJC_ROOT_CLASS = YES_ERROR;
				CLANG_WARN_RANGE_LOOP_ANALYSIS = YES;
				CLANG_WARN_STRICT_PROTOTYPES = YES;
				CLANG_WARN_SUSPICIOUS_MOVE = YES;
				CLANG_WARN_UNGUARDED_AVAILABILITY = YES_AGGRESSIVE;
				CLANG_WARN_UNREACHABLE_CODE = YES;
				CLANG_WARN__DUPLICATE_METHOD_MATCH = YES;
				COPY_PHASE_STRIP = NO;
				DEBUG_INFORMATION_FORMAT = dwarf;
				ENABLE_STRICT_OBJC_MSGSEND = YES;
				ENABLE_TESTABILITY = YES;
				GCC_C_LANGUAGE_STANDARD = gnu11;
				GCC_DYNAMIC_NO_PIC = NO;
				GCC_NO_COMMON_BLOCKS = YES;
				GCC_OPTIMIZATION_LEVEL = 0;
				GCC_PREPROCESSOR_DEFINITIONS = (
					"DEBUG=1",
					"$(inherited)",
				);
				GCC_WARN_64_TO_32_BIT_CONVERSION = YES;
				GCC_WARN_ABOUT_RETURN_TYPE = YES_ERROR;
				GCC_WARN_UNDECLARED_SELECTOR = YES;
				GCC_WARN_UNINITIALIZED_AUTOS = YES_AGGRESSIVE;
				GCC_WARN_UNUSED_FUNCTION = YES;
				GCC_WARN_UNUSED_VARIABLE = YES;
				IPHONEOS_DEPLOYMENT_TARGET = 13.0;
				MTL_ENABLE_DEBUG_INFO = INCLUDE_SOURCE;
				MTL_FAST_MATH = YES;
				ONLY_ACTIVE_ARCH = YES;
				SDKROOT = iphoneos;
				SWIFT_ACTIVE_COMPILATION_CONDITIONS = DEBUG;
				SWIFT_OPTIMIZATION_LEVEL = "-Onone";
			};
			name = Debug;
		};
		E985DDC0232DE7E0009C2C32 /* Release */ = {
			isa = XCBuildConfiguration;
			buildSettings = {
				ALWAYS_SEARCH_USER_PATHS = NO;
				CLANG_ANALYZER_NONNULL = YES;
				CLANG_ANALYZER_NUMBER_OBJECT_CONVERSION = YES_AGGRESSIVE;
				CLANG_CXX_LANGUAGE_STANDARD = "gnu++14";
				CLANG_CXX_LIBRARY = "libc++";
				CLANG_ENABLE_MODULES = YES;
				CLANG_ENABLE_OBJC_ARC = YES;
				CLANG_ENABLE_OBJC_WEAK = YES;
				CLANG_WARN_BLOCK_CAPTURE_AUTORELEASING = YES;
				CLANG_WARN_BOOL_CONVERSION = YES;
				CLANG_WARN_COMMA = YES;
				CLANG_WARN_CONSTANT_CONVERSION = YES;
				CLANG_WARN_DEPRECATED_OBJC_IMPLEMENTATIONS = YES;
				CLANG_WARN_DIRECT_OBJC_ISA_USAGE = YES_ERROR;
				CLANG_WARN_DOCUMENTATION_COMMENTS = YES;
				CLANG_WARN_EMPTY_BODY = YES;
				CLANG_WARN_ENUM_CONVERSION = YES;
				CLANG_WARN_INFINITE_RECURSION = YES;
				CLANG_WARN_INT_CONVERSION = YES;
				CLANG_WARN_NON_LITERAL_NULL_CONVERSION = YES;
				CLANG_WARN_OBJC_IMPLICIT_RETAIN_SELF = YES;
				CLANG_WARN_OBJC_LITERAL_CONVERSION = YES;
				CLANG_WARN_OBJC_ROOT_CLASS = YES_ERROR;
				CLANG_WARN_RANGE_LOOP_ANALYSIS = YES;
				CLANG_WARN_STRICT_PROTOTYPES = YES;
				CLANG_WARN_SUSPICIOUS_MOVE = YES;
				CLANG_WARN_UNGUARDED_AVAILABILITY = YES_AGGRESSIVE;
				CLANG_WARN_UNREACHABLE_CODE = YES;
				CLANG_WARN__DUPLICATE_METHOD_MATCH = YES;
				COPY_PHASE_STRIP = NO;
				DEBUG_INFORMATION_FORMAT = "dwarf-with-dsym";
				ENABLE_NS_ASSERTIONS = NO;
				ENABLE_STRICT_OBJC_MSGSEND = YES;
				GCC_C_LANGUAGE_STANDARD = gnu11;
				GCC_NO_COMMON_BLOCKS = YES;
				GCC_WARN_64_TO_32_BIT_CONVERSION = YES;
				GCC_WARN_ABOUT_RETURN_TYPE = YES_ERROR;
				GCC_WARN_UNDECLARED_SELECTOR = YES;
				GCC_WARN_UNINITIALIZED_AUTOS = YES_AGGRESSIVE;
				GCC_WARN_UNUSED_FUNCTION = YES;
				GCC_WARN_UNUSED_VARIABLE = YES;
				IPHONEOS_DEPLOYMENT_TARGET = 13.0;
				MTL_ENABLE_DEBUG_INFO = NO;
				MTL_FAST_MATH = YES;
				SDKROOT = iphoneos;
				SWIFT_COMPILATION_MODE = wholemodule;
				SWIFT_OPTIMIZATION_LEVEL = "-O";
				VALIDATE_PRODUCT = YES;
			};
			name = Release;
		};
		E985DDC2232DE7E0009C2C32 /* Debug */ = {
			isa = XCBuildConfiguration;
			baseConfigurationReference = 9C49EC2F9AB51B19F1BD5AAF /* Pods-SocialNetworking.debug.xcconfig */;
			buildSettings = {
				ASSETCATALOG_COMPILER_APPICON_NAME = AppIcon;
				CODE_SIGN_STYLE = Automatic;
				DEVELOPMENT_TEAM = UW4KT7U5SP;
				INFOPLIST_FILE = SocialNetworking/Common/Application/Resource/Info.plist;
				IPHONEOS_DEPLOYMENT_TARGET = 12.0;
				LD_RUNPATH_SEARCH_PATHS = (
					"$(inherited)",
					"@executable_path/Frameworks",
				);
				PRODUCT_BUNDLE_IDENTIFIER = com.pablomanuelli.socialnetworking;
				PRODUCT_NAME = "$(TARGET_NAME)";
				SWIFT_VERSION = 5.0;
				TARGETED_DEVICE_FAMILY = "1,2";
			};
			name = Debug;
		};
		E985DDC3232DE7E0009C2C32 /* Release */ = {
			isa = XCBuildConfiguration;
			baseConfigurationReference = 20DA13A29609A51F33BDDAC9 /* Pods-SocialNetworking.release.xcconfig */;
			buildSettings = {
				ASSETCATALOG_COMPILER_APPICON_NAME = AppIcon;
				CODE_SIGN_STYLE = Automatic;
				DEVELOPMENT_TEAM = UW4KT7U5SP;
				INFOPLIST_FILE = SocialNetworking/Common/Application/Resource/Info.plist;
				IPHONEOS_DEPLOYMENT_TARGET = 12.0;
				LD_RUNPATH_SEARCH_PATHS = (
					"$(inherited)",
					"@executable_path/Frameworks",
				);
				PRODUCT_BUNDLE_IDENTIFIER = com.pablomanuelli.socialnetworking;
				PRODUCT_NAME = "$(TARGET_NAME)";
				SWIFT_VERSION = 5.0;
				TARGETED_DEVICE_FAMILY = "1,2";
			};
			name = Release;
		};
		E985DDC5232DE7E0009C2C32 /* Debug */ = {
			isa = XCBuildConfiguration;
			baseConfigurationReference = 555ADF3D131C74BE6441D6A1 /* Pods-SocialNetworkingTests.debug.xcconfig */;
			buildSettings = {
				BUNDLE_LOADER = "$(TEST_HOST)";
				CODE_SIGN_STYLE = Automatic;
				DEVELOPMENT_TEAM = UW4KT7U5SP;
				INFOPLIST_FILE = SocialNetworkingTests/Info.plist;
				IPHONEOS_DEPLOYMENT_TARGET = 13.0;
				LD_RUNPATH_SEARCH_PATHS = (
					"$(inherited)",
					"@executable_path/Frameworks",
					"@loader_path/Frameworks",
				);
				PRODUCT_BUNDLE_IDENTIFIER = com.pablomanuelli.SocialNetworkingTests;
				PRODUCT_NAME = "$(TARGET_NAME)";
				SWIFT_VERSION = 5.0;
				TARGETED_DEVICE_FAMILY = "1,2";
				TEST_HOST = "$(BUILT_PRODUCTS_DIR)/SocialNetworking.app/SocialNetworking";
			};
			name = Debug;
		};
		E985DDC6232DE7E0009C2C32 /* Release */ = {
			isa = XCBuildConfiguration;
			baseConfigurationReference = 9AFB8FA4A3C3E3E289F6B653 /* Pods-SocialNetworkingTests.release.xcconfig */;
			buildSettings = {
				BUNDLE_LOADER = "$(TEST_HOST)";
				CODE_SIGN_STYLE = Automatic;
				DEVELOPMENT_TEAM = UW4KT7U5SP;
				INFOPLIST_FILE = SocialNetworkingTests/Info.plist;
				IPHONEOS_DEPLOYMENT_TARGET = 13.0;
				LD_RUNPATH_SEARCH_PATHS = (
					"$(inherited)",
					"@executable_path/Frameworks",
					"@loader_path/Frameworks",
				);
				PRODUCT_BUNDLE_IDENTIFIER = com.pablomanuelli.SocialNetworkingTests;
				PRODUCT_NAME = "$(TARGET_NAME)";
				SWIFT_VERSION = 5.0;
				TARGETED_DEVICE_FAMILY = "1,2";
				TEST_HOST = "$(BUILT_PRODUCTS_DIR)/SocialNetworking.app/SocialNetworking";
			};
			name = Release;
		};
/* End XCBuildConfiguration section */

/* Begin XCConfigurationList section */
		E985DD9D232DE7DF009C2C32 /* Build configuration list for PBXProject "SocialNetworking" */ = {
			isa = XCConfigurationList;
			buildConfigurations = (
				E985DDBF232DE7E0009C2C32 /* Debug */,
				E985DDC0232DE7E0009C2C32 /* Release */,
			);
			defaultConfigurationIsVisible = 0;
			defaultConfigurationName = Release;
		};
		E985DDC1232DE7E0009C2C32 /* Build configuration list for PBXNativeTarget "SocialNetworking" */ = {
			isa = XCConfigurationList;
			buildConfigurations = (
				E985DDC2232DE7E0009C2C32 /* Debug */,
				E985DDC3232DE7E0009C2C32 /* Release */,
			);
			defaultConfigurationIsVisible = 0;
			defaultConfigurationName = Release;
		};
		E985DDC4232DE7E0009C2C32 /* Build configuration list for PBXNativeTarget "SocialNetworkingTests" */ = {
			isa = XCConfigurationList;
			buildConfigurations = (
				E985DDC5232DE7E0009C2C32 /* Debug */,
				E985DDC6232DE7E0009C2C32 /* Release */,
			);
			defaultConfigurationIsVisible = 0;
			defaultConfigurationName = Release;
		};
/* End XCConfigurationList section */
	};
	rootObject = E985DD9A232DE7DF009C2C32 /* Project object */;
}
